
Microsoft Visual Studio Solution File, Format Version 12.00
# Visual Studio Version 17
VisualStudioVersion = 17.0.31903.59
MinimumVisualStudioVersion = 10.0.40219.1
Project("{2150E333-8FDC-42A3-9474-1A3956D46DE8}") = "src", "src", "{827E0CD3-B72D-47B6-A68D-7590B98EB39B}"
EndProject
Project("{2150E333-8FDC-42A3-9474-1A3956D46DE8}") = "Services", "Services", "{984BB9B3-3FA3-BE33-9484-CAC21695A33C}"
EndProject
Project("{2150E333-8FDC-42A3-9474-1A3956D46DE8}") = "Catalog", "Catalog", "{C91C1CF1-1625-0789-F869-53D87D6277BA}"
EndProject
Project("{FAE04EC0-301F-11D3-BF4B-00C04F79EFBC}") = "Catalog.API", "src\Services\Catalog\Catalog.API\Catalog.API.csproj", "{B2AC4D4E-FFED-428B-8EEF-2C1FFC010F41}"
EndProject
Project("{2150E333-8FDC-42A3-9474-1A3956D46DE8}") = "ApiGateways", "ApiGateways", "{ED3A6F05-8B42-2A19-DFFE-FDDDF787C538}"
EndProject
Project("{FAE04EC0-301F-11D3-BF4B-00C04F79EFBC}") = "YarpGateway", "src\ApiGateways\YarpGateway\YarpGateway.csproj", "{1CC965E5-F805-4EBA-9208-0A2A0B30F6EC}"
EndProject
Project("{2150E333-8FDC-42A3-9474-1A3956D46DE8}") = "BuildingBlocks", "BuildingBlocks", "{90298CBA-BD6F-3A0A-69D5-97CAD7B05E7E}"
EndProject
Project("{FAE04EC0-301F-11D3-BF4B-00C04F79EFBC}") = "EventBus", "src\BuildingBlocks\EventBus\EventBus.csproj", "{5E97DAA2-3D66-4DE2-BC5B-69E8B8484664}"
EndProject
Global
	GlobalSection(SolutionConfigurationPlatforms) = preSolution
		Debug|Any CPU = Debug|Any CPU
		Debug|x64 = Debug|x64
		Debug|x86 = Debug|x86
		Release|Any CPU = Release|Any CPU
		Release|x64 = Release|x64
		Release|x86 = Release|x86
	EndGlobalSection
	GlobalSection(ProjectConfigurationPlatforms) = postSolution
		{B2AC4D4E-FFED-428B-8EEF-2C1FFC010F41}.Debug|Any CPU.ActiveCfg = Debug|Any CPU
		{B2AC4D4E-FFED-428B-8EEF-2C1FFC010F41}.Debug|Any CPU.Build.0 = Debug|Any CPU
		{B2AC4D4E-FFED-428B-8EEF-2C1FFC010F41}.Debug|x64.ActiveCfg = Debug|Any CPU
		{B2AC4D4E-FFED-428B-8EEF-2C1FFC010F41}.Debug|x64.Build.0 = Debug|Any CPU
		{B2AC4D4E-FFED-428B-8EEF-2C1FFC010F41}.Debug|x86.ActiveCfg = Debug|Any CPU
		{B2AC4D4E-FFED-428B-8EEF-2C1FFC010F41}.Debug|x86.Build.0 = Debug|Any CPU
		{B2AC4D4E-FFED-428B-8EEF-2C1FFC010F41}.Release|Any CPU.ActiveCfg = Release|Any CPU
		{B2AC4D4E-FFED-428B-8EEF-2C1FFC010F41}.Release|Any CPU.Build.0 = Release|Any CPU
		{B2AC4D4E-FFED-428B-8EEF-2C1FFC010F41}.Release|x64.ActiveCfg = Release|Any CPU
		{B2AC4D4E-FFED-428B-8EEF-2C1FFC010F41}.Release|x64.Build.0 = Release|Any CPU
		{B2AC4D4E-FFED-428B-8EEF-2C1FFC010F41}.Release|x86.ActiveCfg = Release|Any CPU
		{B2AC4D4E-FFED-428B-8EEF-2C1FFC010F41}.Release|x86.Build.0 = Release|Any CPU
		{1CC965E5-F805-4EBA-9208-0A2A0B30F6EC}.Debug|Any CPU.ActiveCfg = Debug|Any CPU
		{1CC965E5-F805-4EBA-9208-0A2A0B30F6EC}.Debug|Any CPU.Build.0 = Debug|Any CPU
		{1CC965E5-F805-4EBA-9208-0A2A0B30F6EC}.Debug|x64.ActiveCfg = Debug|Any CPU
		{1CC965E5-F805-4EBA-9208-0A2A0B30F6EC}.Debug|x64.Build.0 = Debug|Any CPU
		{1CC965E5-F805-4EBA-9208-0A2A0B30F6EC}.Debug|x86.ActiveCfg = Debug|Any CPU
		{1CC965E5-F805-4EBA-9208-0A2A0B30F6EC}.Debug|x86.Build.0 = Debug|Any CPU
		{1CC965E5-F805-4EBA-9208-0A2A0B30F6EC}.Release|Any CPU.ActiveCfg = Release|Any CPU
		{1CC965E5-F805-4EBA-9208-0A2A0B30F6EC}.Release|Any CPU.Build.0 = Release|Any CPU
		{1CC965E5-F805-4EBA-9208-0A2A0B30F6EC}.Release|x64.ActiveCfg = Release|Any CPU
		{1CC965E5-F805-4EBA-9208-0A2A0B30F6EC}.Release|x64.Build.0 = Release|Any CPU
		{1CC965E5-F805-4EBA-9208-0A2A0B30F6EC}.Release|x86.ActiveCfg = Release|Any CPU
		{1CC965E5-F805-4EBA-9208-0A2A0B30F6EC}.Release|x86.Build.0 = Release|Any CPU
		{5E97DAA2-3D66-4DE2-BC5B-69E8B8484664}.Debug|Any CPU.ActiveCfg = Debug|Any CPU
		{5E97DAA2-3D66-4DE2-BC5B-69E8B8484664}.Debug|Any CPU.Build.0 = Debug|Any CPU
		{5E97DAA2-3D66-4DE2-BC5B-69E8B8484664}.Debug|x64.ActiveCfg = Debug|Any CPU
		{5E97DAA2-3D66-4DE2-BC5B-69E8B8484664}.Debug|x64.Build.0 = Debug|Any CPU
		{5E97DAA2-3D66-4DE2-BC5B-69E8B8484664}.Debug|x86.ActiveCfg = Debug|Any CPU
		{5E97DAA2-3D66-4DE2-BC5B-69E8B8484664}.Debug|x86.Build.0 = Debug|Any CPU
		{5E97DAA2-3D66-4DE2-BC5B-69E8B8484664}.Release|Any CPU.ActiveCfg = Release|Any CPU
		{5E97DAA2-3D66-4DE2-BC5B-69E8B8484664}.Release|Any CPU.Build.0 = Release|Any CPU
		{5E97DAA2-3D66-4DE2-BC5B-69E8B8484664}.Release|x64.ActiveCfg = Release|Any CPU
		{5E97DAA2-3D66-4DE2-BC5B-69E8B8484664}.Release|x64.Build.0 = Release|Any CPU
		{5E97DAA2-3D66-4DE2-BC5B-69E8B8484664}.Release|x86.ActiveCfg = Release|Any CPU
		{5E97DAA2-3D66-4DE2-BC5B-69E8B8484664}.Release|x86.Build.0 = Release|Any CPU
	EndGlobalSection
	GlobalSection(SolutionProperties) = preSolution
		HideSolutionNode = FALSE
	EndGlobalSection
	GlobalSection(NestedProjects) = preSolution
		{984BB9B3-3FA3-BE33-9484-CAC21695A33C} = {827E0CD3-B72D-47B6-A68D-7590B98EB39B}
		{C91C1CF1-1625-0789-F869-53D87D6277BA} = {984BB9B3-3FA3-BE33-9484-CAC21695A33C}
		{B2AC4D4E-FFED-428B-8EEF-2C1FFC010F41} = {C91C1CF1-1625-0789-F869-53D87D6277BA}
		{ED3A6F05-8B42-2A19-DFFE-FDDDF787C538} = {827E0CD3-B72D-47B6-A68D-7590B98EB39B}
		{1CC965E5-F805-4EBA-9208-0A2A0B30F6EC} = {ED3A6F05-8B42-2A19-DFFE-FDDDF787C538}
		{90298CBA-BD6F-3A0A-69D5-97CAD7B05E7E} = {827E0CD3-B72D-47B6-A68D-7590B98EB39B}
		{5E97DAA2-3D66-4DE2-BC5B-69E8B8484664} = {90298CBA-BD6F-3A0A-69D5-97CAD7B05E7E}
	EndGlobalSection
EndGlobal
